NeoBundleLock ack.vim 303bceff1c8ab1145d114083582b1aeac9de7a85
NeoBundleLock dash.vim 9f14d09f621714d2af987be077fb547cfa9512a3
NeoBundleLock delimitMate 470c053a3ba673007a85237a1ac8415428fd8446
NeoBundleLock gist-vim 8a567b823163d349406dffaff4519e0bac10eade
NeoBundleLock jasmine.vim 50cae137f8308cdfdf70010232a852a364549411
NeoBundleLock keyboard_cat.vim a3ff76ed0425654ac1e8f7775c4f0d9ec41b53ba
NeoBundleLock neobundle.vim b9ce3904b44af0907c3621a172a0ee5c31a5556f
NeoBundleLock nerdtree 3b98a7fcae8f9fff356907171f0406ff8cd28921
NeoBundleLock nginx-vim-syntax 8dffab7043185482414ac9c4d7041e26d77cb898
NeoBundleLock solarized e40cd4130e2a82f9b03ada1ca378b7701b1a9110
NeoBundleLock tagbar 04bb7280399a2c6e1e8c56b31125cd44b1f4d336
NeoBundleLock tlib_vim 9e629767e5a91ede057d07f8754326e68c92a692
NeoBundleLock tomorrow-theme 82d5c889712c770ebe8b20d3aac3c5da1d87a566
NeoBundleLock vim-abolish 665bed73aded4049a6d9bdaf3c87ee69af983abb
NeoBundleLock vim-airline 446397e006d8cba9e1ac38d8c656ba39218c139b
NeoBundleLock vim-bundler 48abb774c72732a75f8ab05ee7493b1041dd8ae8
NeoBundleLock vim-coffee-script 827e4a38b07479433b619091469a7495a392df8a
NeoBundleLock vim-endwise bba43b831ae0485cf9b86d16340a6a314b927391
NeoBundleLock vim-flavored-markdown 4a70aa2e0b98d20940a65ac38b6e9acc69c6b7a0
NeoBundleLock vim-fugitive 933f6a1e1df549564062f936bd1c836d28cf1676
NeoBundleLock vim-git 36126609572d95e93cc8b06f73670fbbf3a3736a
NeoBundleLock vim-gitgutter e5efbaffc066ababc9ae0d689c7050fa5d6591bd
NeoBundleLock vim-go cf4e7aba99a541db0f93c385b0599dfa1e255c46
NeoBundleLock vim-haml 204e32721154766e03e99ff857bc798aa5b741dc
NeoBundleLock vim-handlebars 1eeeff8ade7b5008e7a213cc7eb9c7e1bed52bef
NeoBundleLock vim-javascript 10b0c75fde1cdf75ca2f270daf7db0c6e1c66cd0
NeoBundleLock vim-jquery 61890d8e5ba8a873526fb91c6484aa445cc20b56
NeoBundleLock vim-jst f305437f112365af1f04afdb762a86ee9a23071f
NeoBundleLock vim-less 940a8defa0576385dee1ad177bab0b34738540aa
NeoBundleLock vim-markdown 091091fdf8f1f7f42bf1a183eab100f923928841
NeoBundleLock vim-ragtag 07115a6dee0ae01b7c9c3d92e9ee3219b6780b77
NeoBundleLock vim-rails b5ccdb47f0b0001bf263a80315d3b6bca7bc3b2e
NeoBundleLock vim-rake 13533d90cfcc735cf4e187eb0c223289ed2dbb1c
NeoBundleLock vim-repeat b06684a19549a45c91f36dc47dc55525e4c9c994
NeoBundleLock vim-ruby 4661bf70f428c0436ea60d9ba515b4b8dca73f0d
NeoBundleLock vim-surround fa433e0b7330753688f715f3be5d10dc480f20e5
NeoBundleLock vimproc 04b45cd80f48f66daed04a1a48a7ea4e7d316086
NeoBundleLock webapi-vim a7789abffe936db56e3152e23733847f94755753
